
Microsoft Visual Studio Solution File, Format Version 12.00
# Visual Studio 15
VisualStudioVersion = 15.0.28010.2016
MinimumVisualStudioVersion = 10.0.40219.1
Project("{FAE04EC0-301F-11D3-BF4B-00C04F79EFBC}") = "HttpFileServer", "HttpFileServer\HttpFileServer.csproj", "{0091385E-92B6-46EE-8EA1-E61BEFA92629}"
EndProject
Project("{FAE04EC0-301F-11D3-BF4B-00C04F79EFBC}") = "App.Core", "App.Core\App.Core.csproj", "{8B249DB0-CCBE-4A59-BBDF-9386C162FC62}"
EndProject
Project("{FAE04EC0-301F-11D3-BF4B-00C04F79EFBC}") = "App.Analonia", "App.Analonia\App.Analonia.csproj", "{666E5CCE-3C78-4F86-9D3C-8D09D430C2AA}"
EndProject
Project("{FAE04EC0-301F-11D3-BF4B-00C04F79EFBC}") = "App.Platform.Windows", "App.Platform.Windows\App.Platform.Windows.csproj", "{C62D0470-77C8-40EC-8592-877CCD71DCBF}"
EndProject
Project("{FAE04EC0-301F-11D3-BF4B-00C04F79EFBC}") = "App.Platform.Linux", "App.Platform.Linux\App.Platform.Linux.csproj", "{E5C9CA96-5112-48B4-9A13-0CAB9FDF3E8C}"
EndProject
Project("{FAE04EC0-301F-11D3-BF4B-00C04F79EFBC}") = "App.Platform.Mac", "App.Platform.Mac\App.Platform.Mac.csproj", "{04BBC483-0876-430E-B33D-0856157CB20B}"
EndProject
Project("{2150E333-8FDC-42A3-9474-1A3956D46DE8}") = "Platform", "Platform", "{4F56BDE9-BA56-4F83-93A9-F6EDFD8D9198}"
EndProject
Project("{2150E333-8FDC-42A3-9474-1A3956D46DE8}") = "Ui", "Ui", "{C31281F6-7D6F-413F-9173-CC5789896714}"
EndProject
Project("{2150E333-8FDC-42A3-9474-1A3956D46DE8}") = "Core", "Core", "{08713E96-D4BF-4D73-BE4A-6DBBF252CDE8}"
EndProject
Global
	GlobalSection(SolutionConfigurationPlatforms) = preSolution
		Debug|Any CPU = Debug|Any CPU
		Release|Any CPU = Release|Any CPU
	EndGlobalSection
	GlobalSection(ProjectConfigurationPlatforms) = postSolution
		{0091385E-92B6-46EE-8EA1-E61BEFA92629}.Debug|Any CPU.ActiveCfg = Debug|Any CPU
		{0091385E-92B6-46EE-8EA1-E61BEFA92629}.Debug|Any CPU.Build.0 = Debug|Any CPU
		{0091385E-92B6-46EE-8EA1-E61BEFA92629}.Release|Any CPU.ActiveCfg = Release|Any CPU
		{0091385E-92B6-46EE-8EA1-E61BEFA92629}.Release|Any CPU.Build.0 = Release|Any CPU
		{8B249DB0-CCBE-4A59-BBDF-9386C162FC62}.Debug|Any CPU.ActiveCfg = Debug|Any CPU
		{8B249DB0-CCBE-4A59-BBDF-9386C162FC62}.Debug|Any CPU.Build.0 = Debug|Any CPU
		{8B249DB0-CCBE-4A59-BBDF-9386C162FC62}.Release|Any CPU.ActiveCfg = Release|Any CPU
		{8B249DB0-CCBE-4A59-BBDF-9386C162FC62}.Release|Any CPU.Build.0 = Release|Any CPU
		{666E5CCE-3C78-4F86-9D3C-8D09D430C2AA}.Debug|Any CPU.ActiveCfg = Debug|Any CPU
		{666E5CCE-3C78-4F86-9D3C-8D09D430C2AA}.Debug|Any CPU.Build.0 = Debug|Any CPU
		{666E5CCE-3C78-4F86-9D3C-8D09D430C2AA}.Release|Any CPU.ActiveCfg = Release|Any CPU
		{666E5CCE-3C78-4F86-9D3C-8D09D430C2AA}.Release|Any CPU.Build.0 = Release|Any CPU
		{C62D0470-77C8-40EC-8592-877CCD71DCBF}.Debug|Any CPU.ActiveCfg = Debug|Any CPU
		{C62D0470-77C8-40EC-8592-877CCD71DCBF}.Debug|Any CPU.Build.0 = Debug|Any CPU
		{C62D0470-77C8-40EC-8592-877CCD71DCBF}.Release|Any CPU.ActiveCfg = Release|Any CPU
		{C62D0470-77C8-40EC-8592-877CCD71DCBF}.Release|Any CPU.Build.0 = Release|Any CPU
		{E5C9CA96-5112-48B4-9A13-0CAB9FDF3E8C}.Debug|Any CPU.ActiveCfg = Debug|Any CPU
		{E5C9CA96-5112-48B4-9A13-0CAB9FDF3E8C}.Debug|Any CPU.Build.0 = Debug|Any CPU
		{E5C9CA96-5112-48B4-9A13-0CAB9FDF3E8C}.Release|Any CPU.ActiveCfg = Release|Any CPU
		{E5C9CA96-5112-48B4-9A13-0CAB9FDF3E8C}.Release|Any CPU.Build.0 = Release|Any CPU
		{04BBC483-0876-430E-B33D-0856157CB20B}.Debug|Any CPU.ActiveCfg = Debug|Any CPU
		{04BBC483-0876-430E-B33D-0856157CB20B}.Debug|Any CPU.Build.0 = Debug|Any CPU
		{04BBC483-0876-430E-B33D-0856157CB20B}.Release|Any CPU.ActiveCfg = Release|Any CPU
		{04BBC483-0876-430E-B33D-0856157CB20B}.Release|Any CPU.Build.0 = Release|Any CPU
	EndGlobalSection
	GlobalSection(SolutionProperties) = preSolution
		HideSolutionNode = FALSE
	EndGlobalSection
	GlobalSection(ExtensibilityGlobals) = postSolution
		SolutionGuid = {36411EA3-D947-40C1-A2B5-F5E12BA801B5}
	EndGlobalSection
	GlobalSection(NestedProjects) = preSolution
		{E5C9CA96-5112-48B4-9A13-0CAB9FDF3E8C} = {4F56BDE9-BA56-4F83-93A9-F6EDFD8D9198}
		{04BBC483-0876-430E-B33D-0856157CB20B} = {4F56BDE9-BA56-4F83-93A9-F6EDFD8D9198}
		{C62D0470-77C8-40EC-8592-877CCD71DCBF} = {4F56BDE9-BA56-4F83-93A9-F6EDFD8D9198}
		{666E5CCE-3C78-4F86-9D3C-8D09D430C2AA} = {C31281F6-7D6F-413F-9173-CC5789896714}
		{8B249DB0-CCBE-4A59-BBDF-9386C162FC62} = {08713E96-D4BF-4D73-BE4A-6DBBF252CDE8}
	EndGlobalSection
EndGlobal
